# This file is automatically @generated by Poetry 1.8.3 and should not be changed by hand.

[[package]]
name = "asttokens"
version = "2.4.1"
description = "Annotate AST trees with source code positions"
optional = false
python-versions = "*"
files = [
    {file = "asttokens-2.4.1-py2.py3-none-any.whl", hash = "sha256:051ed49c3dcae8913ea7cd08e46a606dba30b79993209636c4875bc1d637bc24"},
    {file = "asttokens-2.4.1.tar.gz", hash = "sha256:b03869718ba9a6eb027e134bfdf69f38a236d681c83c160d510768af11254ba0"},
]

[package.dependencies]
six = ">=1.12.0"

[package.extras]
astroid = ["astroid (>=1,<2)", "astroid (>=2,<4)"]
test = ["astroid (>=1,<2)", "astroid (>=2,<4)", "pytest"]

[[package]]
name = "colorama"
version = "0.4.6"
description = "Cross-platform colored terminal text."
optional = false
python-versions = "!=3.0.*,!=3.1.*,!=3.2.*,!=3.3.*,!=3.4.*,!=3.5.*,!=3.6.*,>=2.7"
files = [
    {file = "colorama-0.4.6-py2.py3-none-any.whl", hash = "sha256:4f1d9991f5acc0ca119f9d443620b77f9d6b33703e51011c16baf57afb285fc6"},
    {file = "colorama-0.4.6.tar.gz", hash = "sha256:08695f5cb7ed6e0531a20572697297273c47b8cae5a63ffc6d6ed5c201be6e44"},
]

[[package]]
name = "decorator"
version = "5.1.1"
description = "Decorators for Humans"
optional = false
python-versions = ">=3.5"
files = [
    {file = "decorator-5.1.1-py3-none-any.whl", hash = "sha256:b8c3f85900b9dc423225913c5aace94729fe1fa9763b38939a95226f02d37186"},
    {file = "decorator-5.1.1.tar.gz", hash = "sha256:637996211036b6385ef91435e4fae22989472f9d571faba8927ba8253acbc330"},
]

[[package]]
name = "executing"
version = "2.0.1"
description = "Get the currently executing AST node of a frame, and other information"
optional = false
python-versions = ">=3.5"
files = [
    {file = "executing-2.0.1-py2.py3-none-any.whl", hash = "sha256:eac49ca94516ccc753f9fb5ce82603156e590b27525a8bc32cce8ae302eb61bc"},
    {file = "executing-2.0.1.tar.gz", hash = "sha256:35afe2ce3affba8ee97f2d69927fa823b08b472b7b994e36a52a964b93d16147"},
]

[package.extras]
tests = ["asttokens (>=2.1.0)", "coverage", "coverage-enable-subprocess", "ipython", "littleutils", "pytest", "rich"]

[[package]]
name = "grpcio"
version = "1.65.4"
description = "HTTP/2-based RPC framework"
optional = false
python-versions = ">=3.8"
files = [
    {file = "grpcio-1.65.4-cp310-cp310-linux_armv7l.whl", hash = "sha256:0e85c8766cf7f004ab01aff6a0393935a30d84388fa3c58d77849fcf27f3e98c"},
    {file = "grpcio-1.65.4-cp310-cp310-macosx_12_0_universal2.whl", hash = "sha256:e4a795c02405c7dfa8affd98c14d980f4acea16ea3b539e7404c645329460e5a"},
    {file = "grpcio-1.65.4-cp310-cp310-manylinux_2_17_aarch64.whl", hash = "sha256:d7b984a8dd975d949c2042b9b5ebcf297d6d5af57dcd47f946849ee15d3c2fb8"},
    {file = "grpcio-1.65.4-cp310-cp310-manylinux_2_17_i686.manylinux2014_i686.whl", hash = "sha256:644a783ce604a7d7c91412bd51cf9418b942cf71896344b6dc8d55713c71ce82"},
    {file = "grpcio-1.65.4-cp310-cp310-manylinux_2_17_x86_64.manylinux2014_x86_64.whl", hash = "sha256:5764237d751d3031a36fafd57eb7d36fd2c10c658d2b4057c516ccf114849a3e"},
    {file = "grpcio-1.65.4-cp310-cp310-musllinux_1_1_i686.whl", hash = "sha256:ee40d058cf20e1dd4cacec9c39e9bce13fedd38ce32f9ba00f639464fcb757de"},
    {file = "grpcio-1.65.4-cp310-cp310-musllinux_1_1_x86_64.whl", hash = "sha256:4482a44ce7cf577a1f8082e807a5b909236bce35b3e3897f839f2fbd9ae6982d"},
    {file = "grpcio-1.65.4-cp310-cp310-win32.whl", hash = "sha256:66bb051881c84aa82e4f22d8ebc9d1704b2e35d7867757f0740c6ef7b902f9b1"},
    {file = "grpcio-1.65.4-cp310-cp310-win_amd64.whl", hash = "sha256:870370524eff3144304da4d1bbe901d39bdd24f858ce849b7197e530c8c8f2ec"},
    {file = "grpcio-1.65.4-cp311-cp311-linux_armv7l.whl", hash = "sha256:85e9c69378af02e483bc626fc19a218451b24a402bdf44c7531e4c9253fb49ef"},
    {file = "grpcio-1.65.4-cp311-cp311-macosx_10_9_universal2.whl", hash = "sha256:2bd672e005afab8bf0d6aad5ad659e72a06dd713020554182a66d7c0c8f47e18"},
    {file = "grpcio-1.65.4-cp311-cp311-manylinux_2_17_aarch64.whl", hash = "sha256:abccc5d73f5988e8f512eb29341ed9ced923b586bb72e785f265131c160231d8"},
    {file = "grpcio-1.65.4-cp311-cp311-manylinux_2_17_i686.manylinux2014_i686.whl", hash = "sha256:886b45b29f3793b0c2576201947258782d7e54a218fe15d4a0468d9a6e00ce17"},
    {file = "grpcio-1.65.4-cp311-cp311-manylinux_2_17_x86_64.manylinux2014_x86_64.whl", hash = "sha256:be952436571dacc93ccc7796db06b7daf37b3b56bb97e3420e6503dccfe2f1b4"},
    {file = "grpcio-1.65.4-cp311-cp311-musllinux_1_1_i686.whl", hash = "sha256:8dc9ddc4603ec43f6238a5c95400c9a901b6d079feb824e890623da7194ff11e"},
    {file = "grpcio-1.65.4-cp311-cp311-musllinux_1_1_x86_64.whl", hash = "sha256:ade1256c98cba5a333ef54636095f2c09e6882c35f76acb04412f3b1aa3c29a5"},
    {file = "grpcio-1.65.4-cp311-cp311-win32.whl", hash = "sha256:280e93356fba6058cbbfc6f91a18e958062ef1bdaf5b1caf46c615ba1ae71b5b"},
    {file = "grpcio-1.65.4-cp311-cp311-win_amd64.whl", hash = "sha256:d2b819f9ee27ed4e3e737a4f3920e337e00bc53f9e254377dd26fc7027c4d558"},
    {file = "grpcio-1.65.4-cp312-cp312-linux_armv7l.whl", hash = "sha256:926a0750a5e6fb002542e80f7fa6cab8b1a2ce5513a1c24641da33e088ca4c56"},
    {file = "grpcio-1.65.4-cp312-cp312-macosx_10_9_universal2.whl", hash = "sha256:2a1d4c84d9e657f72bfbab8bedf31bdfc6bfc4a1efb10b8f2d28241efabfaaf2"},
    {file = "grpcio-1.65.4-cp312-cp312-manylinux_2_17_aarch64.whl", hash = "sha256:17de4fda50967679677712eec0a5c13e8904b76ec90ac845d83386b65da0ae1e"},
    {file = "grpcio-1.65.4-cp312-cp312-manylinux_2_17_i686.manylinux2014_i686.whl", hash = "sha256:3dee50c1b69754a4228e933696408ea87f7e896e8d9797a3ed2aeed8dbd04b74"},
    {file = "grpcio-1.65.4-cp312-cp312-manylinux_2_17_x86_64.manylinux2014_x86_64.whl", hash = "sha256:74c34fc7562bdd169b77966068434a93040bfca990e235f7a67cdf26e1bd5c63"},
    {file = "grpcio-1.65.4-cp312-cp312-musllinux_1_1_i686.whl", hash = "sha256:24a2246e80a059b9eb981e4c2a6d8111b1b5e03a44421adbf2736cc1d4988a8a"},
    {file = "grpcio-1.65.4-cp312-cp312-musllinux_1_1_x86_64.whl", hash = "sha256:18c10f0d054d2dce34dd15855fcca7cc44ec3b811139437543226776730c0f28"},
    {file = "grpcio-1.65.4-cp312-cp312-win32.whl", hash = "sha256:d72962788b6c22ddbcdb70b10c11fbb37d60ae598c51eb47ec019db66ccfdff0"},
    {file = "grpcio-1.65.4-cp312-cp312-win_amd64.whl", hash = "sha256:7656376821fed8c89e68206a522522317787a3d9ed66fb5110b1dff736a5e416"},
    {file = "grpcio-1.65.4-cp38-cp38-linux_armv7l.whl", hash = "sha256:4934077b33aa6fe0b451de8b71dabde96bf2d9b4cb2b3187be86e5adebcba021"},
    {file = "grpcio-1.65.4-cp38-cp38-macosx_10_9_universal2.whl", hash = "sha256:0cef8c919a3359847c357cb4314e50ed1f0cca070f828ee8f878d362fd744d52"},
    {file = "grpcio-1.65.4-cp38-cp38-manylinux_2_17_aarch64.whl", hash = "sha256:a925446e6aa12ca37114840d8550f308e29026cdc423a73da3043fd1603a6385"},
    {file = "grpcio-1.65.4-cp38-cp38-manylinux_2_17_i686.manylinux2014_i686.whl", hash = "sha256:cf53e6247f1e2af93657e62e240e4f12e11ee0b9cef4ddcb37eab03d501ca864"},
    {file = "grpcio-1.65.4-cp38-cp38-manylinux_2_17_x86_64.manylinux2014_x86_64.whl", hash = "sha256:cdb34278e4ceb224c89704cd23db0d902e5e3c1c9687ec9d7c5bb4c150f86816"},
    {file = "grpcio-1.65.4-cp38-cp38-musllinux_1_1_i686.whl", hash = "sha256:e6cbdd107e56bde55c565da5fd16f08e1b4e9b0674851d7749e7f32d8645f524"},
    {file = "grpcio-1.65.4-cp38-cp38-musllinux_1_1_x86_64.whl", hash = "sha256:626319a156b1f19513156a3b0dbfe977f5f93db63ca673a0703238ebd40670d7"},
    {file = "grpcio-1.65.4-cp38-cp38-win32.whl", hash = "sha256:3d1bbf7e1dd1096378bd83c83f554d3b93819b91161deaf63e03b7022a85224a"},
    {file = "grpcio-1.65.4-cp38-cp38-win_amd64.whl", hash = "sha256:a99e6dffefd3027b438116f33ed1261c8d360f0dd4f943cb44541a2782eba72f"},
    {file = "grpcio-1.65.4-cp39-cp39-linux_armv7l.whl", hash = "sha256:874acd010e60a2ec1e30d5e505b0651ab12eb968157cd244f852b27c6dbed733"},
    {file = "grpcio-1.65.4-cp39-cp39-macosx_10_9_universal2.whl", hash = "sha256:b07f36faf01fca5427d4aa23645e2d492157d56c91fab7e06fe5697d7e171ad4"},
    {file = "grpcio-1.65.4-cp39-cp39-manylinux_2_17_aarch64.whl", hash = "sha256:b81711bf4ec08a3710b534e8054c7dcf90f2edc22bebe11c1775a23f145595fe"},
    {file = "grpcio-1.65.4-cp39-cp39-manylinux_2_17_i686.manylinux2014_i686.whl", hash = "sha256:88fcabc332a4aef8bcefadc34a02e9ab9407ab975d2c7d981a8e12c1aed92aa1"},
    {file = "grpcio-1.65.4-cp39-cp39-manylinux_2_17_x86_64.manylinux2014_x86_64.whl", hash = "sha256:c9ba3e63108a8749994f02c7c0e156afb39ba5bdf755337de8e75eb685be244b"},
    {file = "grpcio-1.65.4-cp39-cp39-musllinux_1_1_i686.whl", hash = "sha256:8eb485801957a486bf5de15f2c792d9f9c897a86f2f18db8f3f6795a094b4bb2"},
    {file = "grpcio-1.65.4-cp39-cp39-musllinux_1_1_x86_64.whl", hash = "sha256:075f3903bc1749ace93f2b0664f72964ee5f2da5c15d4b47e0ab68e4f442c257"},
    {file = "grpcio-1.65.4-cp39-cp39-win32.whl", hash = "sha256:0a0720299bdb2cc7306737295d56e41ce8827d5669d4a3cd870af832e3b17c4d"},
    {file = "grpcio-1.65.4-cp39-cp39-win_amd64.whl", hash = "sha256:a146bc40fa78769f22e1e9ff4f110ef36ad271b79707577bf2a31e3e931141b9"},
    {file = "grpcio-1.65.4.tar.gz", hash = "sha256:2a4f476209acffec056360d3e647ae0e14ae13dcf3dfb130c227ae1c594cbe39"},
]

[package.extras]
protobuf = ["grpcio-tools (>=1.65.4)"]

[[package]]
name = "grpcio-tools"
version = "1.65.4"
description = "Protobuf code generator for gRPC"
optional = false
python-versions = ">=3.8"
files = [
    {file = "grpcio_tools-1.65.4-cp310-cp310-linux_armv7l.whl", hash = "sha256:bd9bfc03776def6267d08885f639ca593eee60c6aa98252b08ac50ece75989bd"},
    {file = "grpcio_tools-1.65.4-cp310-cp310-macosx_12_0_universal2.whl", hash = "sha256:15d8263027ed6f326661a26a1ac4548f01dd6ca1624f491a4aef908c0e7afe22"},
    {file = "grpcio_tools-1.65.4-cp310-cp310-manylinux_2_17_aarch64.whl", hash = "sha256:9075bb8e15726e2dbd9ce7cc982a77b011a529b013013487861d82454508eb7b"},
    {file = "grpcio_tools-1.65.4-cp310-cp310-manylinux_2_17_i686.manylinux2014_i686.whl", hash = "sha256:db10c68bca4a14be13f06143e853231c7265a38571d5b12877394a48397b9b96"},
    {file = "grpcio_tools-1.65.4-cp310-cp310-manylinux_2_17_x86_64.manylinux2014_x86_64.whl", hash = "sha256:21569dda4aa7ab1301766ddc2d5d30c58f987d02a9ca5d984886bdb419a76746"},
    {file = "grpcio_tools-1.65.4-cp310-cp310-musllinux_1_1_i686.whl", hash = "sha256:5fb1bc6263af137662ab1d11eed36a50f9f75aa1948837030dd54d8688a9e8f1"},
    {file = "grpcio_tools-1.65.4-cp310-cp310-musllinux_1_1_x86_64.whl", hash = "sha256:d3fafd48563cc28e8537f4a7d2de28b4436df9337e639a42acfd53548ecaa62e"},
    {file = "grpcio_tools-1.65.4-cp310-cp310-win32.whl", hash = "sha256:9dd133763c0b322466a83557e04c9455c2966f51621cc03adee096dcfdbc6b51"},
    {file = "grpcio_tools-1.65.4-cp310-cp310-win_amd64.whl", hash = "sha256:4b108396d95a07705b2d5f53e8621a8499025148167ee801e05d90a267c111d5"},
    {file = "grpcio_tools-1.65.4-cp311-cp311-linux_armv7l.whl", hash = "sha256:64162a0df2fb170674a580ed5d14b954ea9f48460f5ec8f0f54231c3e52ed56c"},
    {file = "grpcio_tools-1.65.4-cp311-cp311-macosx_10_9_universal2.whl", hash = "sha256:323a168b7cdd25b4273781b277559a4048d890f64931c102295a042f5434693f"},
    {file = "grpcio_tools-1.65.4-cp311-cp311-manylinux_2_17_aarch64.whl", hash = "sha256:12db3fd619b55679df484c3998fce49db04924fb4000e5eb794cb6c92f65830f"},
    {file = "grpcio_tools-1.65.4-cp311-cp311-manylinux_2_17_i686.manylinux2014_i686.whl", hash = "sha256:2d82c974592e7af9a9bc20103b3a2a07f3832fdc48b4a24c71c9726560b5889f"},
    {file = "grpcio_tools-1.65.4-cp311-cp311-manylinux_2_17_x86_64.manylinux2014_x86_64.whl", hash = "sha256:fe2278a86c360d1772e42a635ed5028bdecf9b4c88e61cdba1f72c048c8358d5"},
    {file = "grpcio_tools-1.65.4-cp311-cp311-musllinux_1_1_i686.whl", hash = "sha256:9ec926ac0f11e195ae69ea46ce4f5b4cb67784e1149cb0a244dcf3163a7579fa"},
    {file = "grpcio_tools-1.65.4-cp311-cp311-musllinux_1_1_x86_64.whl", hash = "sha256:8e7a836784d43add8cdbf8434546334aa17c67fafb7c8cf79053a6fe5a4d9b4f"},
    {file = "grpcio_tools-1.65.4-cp311-cp311-win32.whl", hash = "sha256:5589828575bd4f097f129a8458b1315dbe0681fc6f79df4490e513fbd5d5612f"},
    {file = "grpcio_tools-1.65.4-cp311-cp311-win_amd64.whl", hash = "sha256:8efdda509c8f203ea228cddd4fa8ece56e585daabb891ed1963604f173969dee"},
    {file = "grpcio_tools-1.65.4-cp312-cp312-linux_armv7l.whl", hash = "sha256:a077784cf8808f8bc632978f609abb1eb409b84ce72fd61dc6755def782bfbe7"},
    {file = "grpcio_tools-1.65.4-cp312-cp312-macosx_10_9_universal2.whl", hash = "sha256:cb5e360704ceeb71658602b1de717a8613044194f90a7a087e90c6d36539e695"},
    {file = "grpcio_tools-1.65.4-cp312-cp312-manylinux_2_17_aarch64.whl", hash = "sha256:9c9155210d15891eb7344eb4b6b91153472cbe67dfcfb41de71fc79763155c17"},
    {file = "grpcio_tools-1.65.4-cp312-cp312-manylinux_2_17_i686.manylinux2014_i686.whl", hash = "sha256:245254307701a3dfb32bfbea4f2f618c30eb7ea638824f2e7ccd2e3bfeec3a47"},
    {file = "grpcio_tools-1.65.4-cp312-cp312-manylinux_2_17_x86_64.manylinux2014_x86_64.whl", hash = "sha256:6da3adf692b55fb52019b79294a6b4b6833186b2fa68186e7cc993a53b232982"},
    {file = "grpcio_tools-1.65.4-cp312-cp312-musllinux_1_1_i686.whl", hash = "sha256:49ef47db7c6487f37ab302f5f5b5003c96a015649a1c0d7bcbbd0daa18beeb43"},
    {file = "grpcio_tools-1.65.4-cp312-cp312-musllinux_1_1_x86_64.whl", hash = "sha256:6d1004ea42639bec7b7a9b7883cd4bd8a6ef4845f9b39870aaee8efac2a24e46"},
    {file = "grpcio_tools-1.65.4-cp312-cp312-win32.whl", hash = "sha256:c1471720682639f19d1baaa976df1021e98a51c609d1405e0b277b9cbcae96bd"},
    {file = "grpcio_tools-1.65.4-cp312-cp312-win_amd64.whl", hash = "sha256:75cf8276550d213524cf660e73aaee858f94d19f99a0ec8e29665d6deab0f89e"},
    {file = "grpcio_tools-1.65.4-cp38-cp38-linux_armv7l.whl", hash = "sha256:442fc5d8d4535e475a17f85a4e45b4af5741bf895f187e20f881e83cbc34e791"},
    {file = "grpcio_tools-1.65.4-cp38-cp38-macosx_10_9_universal2.whl", hash = "sha256:a10d079ea52264fbf82cf14c4f103873ad54cba237d708f03603a8cb367584e1"},
    {file = "grpcio_tools-1.65.4-cp38-cp38-manylinux_2_17_aarch64.whl", hash = "sha256:460226bc931b98e60b96b6b4063331de70f19508c8c14072d3661924cdd9a82c"},
    {file = "grpcio_tools-1.65.4-cp38-cp38-manylinux_2_17_i686.manylinux2014_i686.whl", hash = "sha256:aa9d9322e07909031b81ae10124f6a01e74a8f7d42b6eeaccfd790aad2518060"},
    {file = "grpcio_tools-1.65.4-cp38-cp38-manylinux_2_17_x86_64.manylinux2014_x86_64.whl", hash = "sha256:2c87b7e304376a6c5aaf7d6276f4f58a36b861709063370902eb9c6d5317a31b"},
    {file = "grpcio_tools-1.65.4-cp38-cp38-musllinux_1_1_i686.whl", hash = "sha256:d68abc5c9c012f2521f93b2941b6a44b24d03462ed1f0dcddb03a62df1a81091"},
    {file = "grpcio_tools-1.65.4-cp38-cp38-musllinux_1_1_x86_64.whl", hash = "sha256:3ac76c7331fe397307d58098f24657efa793b21db7d87e22112f1fe3dad62789"},
    {file = "grpcio_tools-1.65.4-cp38-cp38-win32.whl", hash = "sha256:1f628780bd18025e30675b97ece2faadedd33360c4b87fe91e788522c4425a79"},
    {file = "grpcio_tools-1.65.4-cp38-cp38-win_amd64.whl", hash = "sha256:b0d6f235be4d4faca855156094d8684ee7ebe3087ee9dd0689cfa527009cdeaf"},
    {file = "grpcio_tools-1.65.4-cp39-cp39-linux_armv7l.whl", hash = "sha256:d84ed2f64ca63f775f96c66426c8cd5dd904d38f1f1246e23c9a686839673b2d"},
    {file = "grpcio_tools-1.65.4-cp39-cp39-macosx_10_9_universal2.whl", hash = "sha256:79056f95ae64d0f936edd1c2d421897c0923687a09f479b6a4bd5a64e8b4a2ec"},
    {file = "grpcio_tools-1.65.4-cp39-cp39-manylinux_2_17_aarch64.whl", hash = "sha256:bfca471c8ab6af43e2ccdd395cda6e40d4100ffc39961d53707becb4db51dc8b"},
    {file = "grpcio_tools-1.65.4-cp39-cp39-manylinux_2_17_i686.manylinux2014_i686.whl", hash = "sha256:24048d0a969813851ba5f2b3fabc92fa7cb49e6b10f1d00114303eaa84f770fb"},
    {file = "grpcio_tools-1.65.4-cp39-cp39-manylinux_2_17_x86_64.manylinux2014_x86_64.whl", hash = "sha256:d37bf8276058b4600b3c65b9d62242d45fde06a2b69ff86d4e0f061287c33aa5"},
    {file = "grpcio_tools-1.65.4-cp39-cp39-musllinux_1_1_i686.whl", hash = "sha256:2f04d4879077795b998dc5d1c7510f8cd42f5082d4447c35fe39f57b95d7010e"},
    {file = "grpcio_tools-1.65.4-cp39-cp39-musllinux_1_1_x86_64.whl", hash = "sha256:cef9ae044b846e4ab9ce3c7cb872ebeedbb7ae545db8c585187744848dd93559"},
    {file = "grpcio_tools-1.65.4-cp39-cp39-win32.whl", hash = "sha256:5051e85953b942521528b19eb39bd6dad3b3e0e5a552a66bbeadbbd4a4a6f0e5"},
    {file = "grpcio_tools-1.65.4-cp39-cp39-win_amd64.whl", hash = "sha256:a39a9c033391c3ce591a06ee058ed16e07b06ac2866083c53daa4e5d5235efc6"},
    {file = "grpcio_tools-1.65.4.tar.gz", hash = "sha256:638486d9ebf68a847f59dad0480292142a3c5143a2943bce7721c3ce9f665148"},
]

[package.dependencies]
grpcio = ">=1.65.4"
protobuf = ">=5.26.1,<6.0dev"
setuptools = "*"

[[package]]
name = "ipython"
version = "8.26.0"
description = "IPython: Productive Interactive Computing"
optional = false
python-versions = ">=3.10"
files = [
    {file = "ipython-8.26.0-py3-none-any.whl", hash = "sha256:e6b347c27bdf9c32ee9d31ae85defc525755a1869f14057e900675b9e8d6e6ff"},
    {file = "ipython-8.26.0.tar.gz", hash = "sha256:1cec0fbba8404af13facebe83d04436a7434c7400e59f47acf467c64abd0956c"},
]

[package.dependencies]
colorama = {version = "*", markers = "sys_platform == \"win32\""}
decorator = "*"
jedi = ">=0.16"
matplotlib-inline = "*"
pexpect = {version = ">4.3", markers = "sys_platform != \"win32\" and sys_platform != \"emscripten\""}
prompt-toolkit = ">=3.0.41,<3.1.0"
pygments = ">=2.4.0"
stack-data = "*"
traitlets = ">=5.13.0"
typing-extensions = {version = ">=4.6", markers = "python_version < \"3.12\""}

[package.extras]
all = ["ipython[black,doc,kernel,matplotlib,nbconvert,nbformat,notebook,parallel,qtconsole]", "ipython[test,test-extra]"]
black = ["black"]
doc = ["docrepr", "exceptiongroup", "intersphinx-registry", "ipykernel", "ipython[test]", "matplotlib", "setuptools (>=18.5)", "sphinx (>=1.3)", "sphinx-rtd-theme", "sphinxcontrib-jquery", "tomli", "typing-extensions"]
kernel = ["ipykernel"]
matplotlib = ["matplotlib"]
nbconvert = ["nbconvert"]
nbformat = ["nbformat"]
notebook = ["ipywidgets", "notebook"]
parallel = ["ipyparallel"]
qtconsole = ["qtconsole"]
test = ["packaging", "pickleshare", "pytest", "pytest-asyncio (<0.22)", "testpath"]
test-extra = ["curio", "ipython[test]", "matplotlib (!=3.2.0)", "nbformat", "numpy (>=1.23)", "pandas", "trio"]

[[package]]
name = "jedi"
version = "0.19.1"
description = "An autocompletion tool for Python that can be used for text editors."
optional = false
python-versions = ">=3.6"
files = [
    {file = "jedi-0.19.1-py2.py3-none-any.whl", hash = "sha256:e983c654fe5c02867aef4cdfce5a2fbb4a50adc0af145f70504238f18ef5e7e0"},
    {file = "jedi-0.19.1.tar.gz", hash = "sha256:cf0496f3651bc65d7174ac1b7d043eff454892c708a87d1b683e57b569927ffd"},
]

[package.dependencies]
parso = ">=0.8.3,<0.9.0"

[package.extras]
docs = ["Jinja2 (==2.11.3)", "MarkupSafe (==1.1.1)", "Pygments (==2.8.1)", "alabaster (==0.7.12)", "babel (==2.9.1)", "chardet (==4.0.0)", "commonmark (==0.8.1)", "docutils (==0.17.1)", "future (==0.18.2)", "idna (==2.10)", "imagesize (==1.2.0)", "mock (==1.0.1)", "packaging (==20.9)", "pyparsing (==2.4.7)", "pytz (==2021.1)", "readthedocs-sphinx-ext (==2.1.4)", "recommonmark (==0.5.0)", "requests (==2.25.1)", "six (==1.15.0)", "snowballstemmer (==2.1.0)", "sphinx (==1.8.5)", "sphinx-rtd-theme (==0.4.3)", "sphinxcontrib-serializinghtml (==1.1.4)", "sphinxcontrib-websupport (==1.2.4)", "urllib3 (==1.26.4)"]
qa = ["flake8 (==5.0.4)", "mypy (==0.971)", "types-setuptools (==67.2.0.1)"]
testing = ["Django", "attrs", "colorama", "docopt", "pytest (<7.0.0)"]

[[package]]
name = "matplotlib-inline"
version = "0.1.7"
description = "Inline Matplotlib backend for Jupyter"
optional = false
python-versions = ">=3.8"
files = [
    {file = "matplotlib_inline-0.1.7-py3-none-any.whl", hash = "sha256:df192d39a4ff8f21b1895d72e6a13f5fcc5099f00fa84384e0ea28c2cc0653ca"},
    {file = "matplotlib_inline-0.1.7.tar.gz", hash = "sha256:8423b23ec666be3d16e16b60bdd8ac4e86e840ebd1dd11a30b9f117f2fa0ab90"},
]

[package.dependencies]
traitlets = "*"

[[package]]
name = "parso"
version = "0.8.4"
description = "A Python Parser"
optional = false
python-versions = ">=3.6"
files = [
    {file = "parso-0.8.4-py2.py3-none-any.whl", hash = "sha256:a418670a20291dacd2dddc80c377c5c3791378ee1e8d12bffc35420643d43f18"},
    {file = "parso-0.8.4.tar.gz", hash = "sha256:eb3a7b58240fb99099a345571deecc0f9540ea5f4dd2fe14c2a99d6b281ab92d"},
]

[package.extras]
qa = ["flake8 (==5.0.4)", "mypy (==0.971)", "types-setuptools (==67.2.0.1)"]
testing = ["docopt", "pytest"]

[[package]]
name = "pexpect"
version = "4.9.0"
description = "Pexpect allows easy control of interactive console applications."
optional = false
python-versions = "*"
files = [
    {file = "pexpect-4.9.0-py2.py3-none-any.whl", hash = "sha256:7236d1e080e4936be2dc3e326cec0af72acf9212a7e1d060210e70a47e253523"},
    {file = "pexpect-4.9.0.tar.gz", hash = "sha256:ee7d41123f3c9911050ea2c2dac107568dc43b2d3b0c7557a33212c398ead30f"},
]

[package.dependencies]
ptyprocess = ">=0.5"

[[package]]
name = "prompt-toolkit"
version = "3.0.47"
description = "Library for building powerful interactive command lines in Python"
optional = false
python-versions = ">=3.7.0"
files = [
    {file = "prompt_toolkit-3.0.47-py3-none-any.whl", hash = "sha256:0d7bfa67001d5e39d02c224b663abc33687405033a8c422d0d675a5a13361d10"},
    {file = "prompt_toolkit-3.0.47.tar.gz", hash = "sha256:1e1b29cb58080b1e69f207c893a1a7bf16d127a5c30c9d17a25a5d77792e5360"},
]

[package.dependencies]
wcwidth = "*"

[[package]]
name = "protobuf"
version = "5.27.3"
description = ""
optional = false
python-versions = ">=3.8"
files = [
    {file = "protobuf-5.27.3-cp310-abi3-win32.whl", hash = "sha256:dcb307cd4ef8fec0cf52cb9105a03d06fbb5275ce6d84a6ae33bc6cf84e0a07b"},
    {file = "protobuf-5.27.3-cp310-abi3-win_amd64.whl", hash = "sha256:16ddf3f8c6c41e1e803da7abea17b1793a97ef079a912e42351eabb19b2cffe7"},
    {file = "protobuf-5.27.3-cp38-abi3-macosx_10_9_universal2.whl", hash = "sha256:68248c60d53f6168f565a8c76dc58ba4fa2ade31c2d1ebdae6d80f969cdc2d4f"},
    {file = "protobuf-5.27.3-cp38-abi3-manylinux2014_aarch64.whl", hash = "sha256:b8a994fb3d1c11156e7d1e427186662b64694a62b55936b2b9348f0a7c6625ce"},
    {file = "protobuf-5.27.3-cp38-abi3-manylinux2014_x86_64.whl", hash = "sha256:a55c48f2a2092d8e213bd143474df33a6ae751b781dd1d1f4d953c128a415b25"},
    {file = "protobuf-5.27.3-cp38-cp38-win32.whl", hash = "sha256:043853dcb55cc262bf2e116215ad43fa0859caab79bb0b2d31b708f128ece035"},
    {file = "protobuf-5.27.3-cp38-cp38-win_amd64.whl", hash = "sha256:c2a105c24f08b1e53d6c7ffe69cb09d0031512f0b72f812dd4005b8112dbe91e"},
    {file = "protobuf-5.27.3-cp39-cp39-win32.whl", hash = "sha256:c84eee2c71ed83704f1afbf1a85c3171eab0fd1ade3b399b3fad0884cbcca8bf"},
    {file = "protobuf-5.27.3-cp39-cp39-win_amd64.whl", hash = "sha256:af7c0b7cfbbb649ad26132e53faa348580f844d9ca46fd3ec7ca48a1ea5db8a1"},
    {file = "protobuf-5.27.3-py3-none-any.whl", hash = "sha256:8572c6533e544ebf6899c360e91d6bcbbee2549251643d32c52cf8a5de295ba5"},
    {file = "protobuf-5.27.3.tar.gz", hash = "sha256:82460903e640f2b7e34ee81a947fdaad89de796d324bcbc38ff5430bcdead82c"},
]

[[package]]
name = "ptyprocess"
version = "0.7.0"
description = "Run a subprocess in a pseudo terminal"
optional = false
python-versions = "*"
files = [
    {file = "ptyprocess-0.7.0-py2.py3-none-any.whl", hash = "sha256:4b41f3967fce3af57cc7e94b888626c18bf37a083e3651ca8feeb66d492fef35"},
    {file = "ptyprocess-0.7.0.tar.gz", hash = "sha256:5c5d0a3b48ceee0b48485e0c26037c0acd7d29765ca3fbb5cb3831d347423220"},
]

[[package]]
name = "pure-eval"
version = "0.2.3"
description = "Safely evaluate AST nodes without side effects"
optional = false
python-versions = "*"
files = [
    {file = "pure_eval-0.2.3-py3-none-any.whl", hash = "sha256:1db8e35b67b3d218d818ae653e27f06c3aa420901fa7b081ca98cbedc874e0d0"},
    {file = "pure_eval-0.2.3.tar.gz", hash = "sha256:5f4e983f40564c576c7c8635ae88db5956bb2229d7e9237d03b3c0b0190eaf42"},
]

[package.extras]
tests = ["pytest"]

[[package]]
name = "pygments"
version = "2.18.0"
description = "Pygments is a syntax highlighting package written in Python."
optional = false
python-versions = ">=3.8"
files = [
    {file = "pygments-2.18.0-py3-none-any.whl", hash = "sha256:b8e6aca0523f3ab76fee51799c488e38782ac06eafcf95e7ba832985c8e7b13a"},
    {file = "pygments-2.18.0.tar.gz", hash = "sha256:786ff802f32e91311bff3889f6e9a86e81505fe99f2735bb6d60ae0c5004f199"},
]

[package.extras]
windows-terminal = ["colorama (>=0.4.6)"]

[[package]]
name = "setuptools"
version = "72.1.0"
description = "Easily download, build, install, upgrade, and uninstall Python packages"
optional = false
python-versions = ">=3.8"
files = [
    {file = "setuptools-72.1.0-py3-none-any.whl", hash = "sha256:5a03e1860cf56bb6ef48ce186b0e557fdba433237481a9a625176c2831be15d1"},
    {file = "setuptools-72.1.0.tar.gz", hash = "sha256:8d243eff56d095e5817f796ede6ae32941278f542e0f941867cc05ae52b162ec"},
]

[package.extras]
core = ["importlib-metadata (>=6)", "importlib-resources (>=5.10.2)", "jaraco.text (>=3.7)", "more-itertools (>=8.8)", "ordered-set (>=3.1.1)", "packaging (>=24)", "platformdirs (>=2.6.2)", "tomli (>=2.0.1)", "wheel (>=0.43.0)"]
doc = ["furo", "jaraco.packaging (>=9.3)", "jaraco.tidelift (>=1.4)", "pygments-github-lexers (==0.0.5)", "pyproject-hooks (!=1.1)", "rst.linker (>=1.9)", "sphinx (>=3.5)", "sphinx-favicon", "sphinx-inline-tabs", "sphinx-lint", "sphinx-notfound-page (>=1,<2)", "sphinx-reredirects", "sphinxcontrib-towncrier"]
test = ["build[virtualenv] (>=1.0.3)", "filelock (>=3.4.0)", "importlib-metadata", "ini2toml[lite] (>=0.14)", "jaraco.develop (>=7.21)", "jaraco.envs (>=2.2)", "jaraco.path (>=3.2.0)", "jaraco.test", "mypy (==1.11.*)", "packaging (>=23.2)", "pip (>=19.1)", "pyproject-hooks (!=1.1)", "pytest (>=6,!=8.1.*)", "pytest-checkdocs (>=2.4)", "pytest-cov", "pytest-enabler (>=2.2)", "pytest-home (>=0.5)", "pytest-mypy", "pytest-perf", "pytest-ruff (<0.4)", "pytest-ruff (>=0.2.1)", "pytest-ruff (>=0.3.2)", "pytest-subprocess", "pytest-timeout", "pytest-xdist (>=3)", "tomli", "tomli-w (>=1.0.0)", "virtualenv (>=13.0.0)", "wheel"]

[[package]]
name = "six"
version = "1.16.0"
description = "Python 2 and 3 compatibility utilities"
optional = false
python-versions = ">=2.7, !=3.0.*, !=3.1.*, !=3.2.*"
files = [
    {file = "six-1.16.0-py2.py3-none-any.whl", hash = "sha256:8abb2f1d86890a2dfb989f9a77cfcfd3e47c2a354b01111771326f8aa26e0254"},
    {file = "six-1.16.0.tar.gz", hash = "sha256:1e61c37477a1626458e36f7b1d82aa5c9b094fa4802892072e49de9c60c4c926"},
]

[[package]]
name = "stack-data"
version = "0.6.3"
description = "Extract data from python stack frames and tracebacks for informative displays"
optional = false
python-versions = "*"
files = [
    {file = "stack_data-0.6.3-py3-none-any.whl", hash = "sha256:d5558e0c25a4cb0853cddad3d77da9891a08cb85dd9f9f91b9f8cd66e511e695"},
    {file = "stack_data-0.6.3.tar.gz", hash = "sha256:836a778de4fec4dcd1dcd89ed8abff8a221f58308462e1c4aa2a3cf30148f0b9"},
]

[package.dependencies]
asttokens = ">=2.1.0"
executing = ">=1.2.0"
pure-eval = "*"

[package.extras]
tests = ["cython", "littleutils", "pygments", "pytest", "typeguard"]

[[package]]
name = "traitlets"
version = "5.14.3"
description = "Traitlets Python configuration system"
optional = false
python-versions = ">=3.8"
files = [
    {file = "traitlets-5.14.3-py3-none-any.whl", hash = "sha256:b74e89e397b1ed28cc831db7aea759ba6640cb3de13090ca145426688ff1ac4f"},
    {file = "traitlets-5.14.3.tar.gz", hash = "sha256:9ed0579d3502c94b4b3732ac120375cda96f923114522847de4b3bb98b96b6b7"},
]

[package.extras]
docs = ["myst-parser", "pydata-sphinx-theme", "sphinx"]
test = ["argcomplete (>=3.0.3)", "mypy (>=1.7.0)", "pre-commit", "pytest (>=7.0,<8.2)", "pytest-mock", "pytest-mypy-testing"]

[[package]]
name = "typing-extensions"
version = "4.12.2"
description = "Backported and Experimental Type Hints for Python 3.8+"
optional = false
python-versions = ">=3.8"
files = [
    {file = "typing_extensions-4.12.2-py3-none-any.whl", hash = "sha256:04e5ca0351e0f3f85c6853954072df659d0d13fac324d0072316b67d7794700d"},
    {file = "typing_extensions-4.12.2.tar.gz", hash = "sha256:1a7ead55c7e559dd4dee8856e3a88b41225abfe1ce8df57b7c13915fe121ffb8"},
]

[[package]]
name = "wcwidth"
version = "0.2.13"
description = "Measures the displayed width of unicode strings in a terminal"
optional = false
python-versions = "*"
files = [
    {file = "wcwidth-0.2.13-py2.py3-none-any.whl", hash = "sha256:3da69048e4540d84af32131829ff948f1e022c1c6bdb8d6102117aac784f6859"},
    {file = "wcwidth-0.2.13.tar.gz", hash = "sha256:72ea0c06399eb286d978fdedb6923a9eb47e1c486ce63e9b4e64fc18303972b5"},
]

[metadata]
lock-version = "2.0"
python-versions = "^3.11"
content-hash = "f79c3ee5fa488dac034bd302f2e787cac904b70c62943c7f9b8877b05b67bedd"
