# This file is automatically @generated by Poetry 1.6.1 and should not be changed by hand.

[[package]]
name = "appnope"
version = "0.1.3"
description = "Disable App Nap on macOS >= 10.9"
optional = false
python-versions = "*"
files = [
    {file = "appnope-0.1.3-py2.py3-none-any.whl", hash = "sha256:265a455292d0bd8a72453494fa24df5a11eb18373a60c7c0430889f22548605e"},
    {file = "appnope-0.1.3.tar.gz", hash = "sha256:02bd91c4de869fbb1e1c50aafc4098827a7a54ab2f39d9dcba6c9547ed920e24"},
]

[[package]]
name = "asttokens"
version = "2.4.0"
description = "Annotate AST trees with source code positions"
optional = false
python-versions = "*"
files = [
    {file = "asttokens-2.4.0-py2.py3-none-any.whl", hash = "sha256:cf8fc9e61a86461aa9fb161a14a0841a03c405fa829ac6b202670b3495d2ce69"},
    {file = "asttokens-2.4.0.tar.gz", hash = "sha256:2e0171b991b2c959acc6c49318049236844a5da1d65ba2672c4880c1c894834e"},
]

[package.dependencies]
six = ">=1.12.0"

[package.extras]
test = ["astroid", "pytest"]

[[package]]
name = "backcall"
version = "0.2.0"
description = "Specifications for callback functions passed in to an API"
optional = false
python-versions = "*"
files = [
    {file = "backcall-0.2.0-py2.py3-none-any.whl", hash = "sha256:fbbce6a29f263178a1f7915c1940bde0ec2b2a967566fe1c65c1dfb7422bd255"},
    {file = "backcall-0.2.0.tar.gz", hash = "sha256:5cbdbf27be5e7cfadb448baf0aa95508f91f2bbc6c6437cd9cd06e2a4c215e1e"},
]

[[package]]
name = "colorama"
version = "0.4.6"
description = "Cross-platform colored terminal text."
optional = false
python-versions = "!=3.0.*,!=3.1.*,!=3.2.*,!=3.3.*,!=3.4.*,!=3.5.*,!=3.6.*,>=2.7"
files = [
    {file = "colorama-0.4.6-py2.py3-none-any.whl", hash = "sha256:4f1d9991f5acc0ca119f9d443620b77f9d6b33703e51011c16baf57afb285fc6"},
    {file = "colorama-0.4.6.tar.gz", hash = "sha256:08695f5cb7ed6e0531a20572697297273c47b8cae5a63ffc6d6ed5c201be6e44"},
]

[[package]]
name = "decorator"
version = "5.1.1"
description = "Decorators for Humans"
optional = false
python-versions = ">=3.5"
files = [
    {file = "decorator-5.1.1-py3-none-any.whl", hash = "sha256:b8c3f85900b9dc423225913c5aace94729fe1fa9763b38939a95226f02d37186"},
    {file = "decorator-5.1.1.tar.gz", hash = "sha256:637996211036b6385ef91435e4fae22989472f9d571faba8927ba8253acbc330"},
]

[[package]]
name = "executing"
version = "2.0.0"
description = "Get the currently executing AST node of a frame, and other information"
optional = false
python-versions = "*"
files = [
    {file = "executing-2.0.0-py2.py3-none-any.whl", hash = "sha256:06df6183df67389625f4e763921c6cf978944721abf3e714000200aab95b0657"},
    {file = "executing-2.0.0.tar.gz", hash = "sha256:0ff053696fdeef426cda5bd18eacd94f82c91f49823a2e9090124212ceea9b08"},
]

[package.extras]
tests = ["asttokens (>=2.1.0)", "coverage", "coverage-enable-subprocess", "ipython", "littleutils", "pytest", "rich"]

[[package]]
name = "grpcio"
version = "1.59.0"
description = "HTTP/2-based RPC framework"
optional = false
python-versions = ">=3.7"
files = [
    {file = "grpcio-1.59.0-cp310-cp310-linux_armv7l.whl", hash = "sha256:225e5fa61c35eeaebb4e7491cd2d768cd8eb6ed00f2664fa83a58f29418b39fd"},
    {file = "grpcio-1.59.0-cp310-cp310-macosx_12_0_universal2.whl", hash = "sha256:b95ec8ecc4f703f5caaa8d96e93e40c7f589bad299a2617bdb8becbcce525539"},
    {file = "grpcio-1.59.0-cp310-cp310-manylinux_2_17_aarch64.whl", hash = "sha256:1a839ba86764cc48226f50b924216000c79779c563a301586a107bda9cbe9dcf"},
    {file = "grpcio-1.59.0-cp310-cp310-manylinux_2_17_i686.manylinux2014_i686.whl", hash = "sha256:f6cfe44a5d7c7d5f1017a7da1c8160304091ca5dc64a0f85bca0d63008c3137a"},
    {file = "grpcio-1.59.0-cp310-cp310-manylinux_2_17_x86_64.manylinux2014_x86_64.whl", hash = "sha256:d0fcf53df684fcc0154b1e61f6b4a8c4cf5f49d98a63511e3f30966feff39cd0"},
    {file = "grpcio-1.59.0-cp310-cp310-musllinux_1_1_i686.whl", hash = "sha256:fa66cac32861500f280bb60fe7d5b3e22d68c51e18e65367e38f8669b78cea3b"},
    {file = "grpcio-1.59.0-cp310-cp310-musllinux_1_1_x86_64.whl", hash = "sha256:8cd2d38c2d52f607d75a74143113174c36d8a416d9472415eab834f837580cf7"},
    {file = "grpcio-1.59.0-cp310-cp310-win32.whl", hash = "sha256:228b91ce454876d7eed74041aff24a8f04c0306b7250a2da99d35dd25e2a1211"},
    {file = "grpcio-1.59.0-cp310-cp310-win_amd64.whl", hash = "sha256:ca87ee6183421b7cea3544190061f6c1c3dfc959e0b57a5286b108511fd34ff4"},
    {file = "grpcio-1.59.0-cp311-cp311-linux_armv7l.whl", hash = "sha256:c173a87d622ea074ce79be33b952f0b424fa92182063c3bda8625c11d3585d09"},
    {file = "grpcio-1.59.0-cp311-cp311-macosx_10_10_universal2.whl", hash = "sha256:ec78aebb9b6771d6a1de7b6ca2f779a2f6113b9108d486e904bde323d51f5589"},
    {file = "grpcio-1.59.0-cp311-cp311-manylinux_2_17_aarch64.whl", hash = "sha256:0b84445fa94d59e6806c10266b977f92fa997db3585f125d6b751af02ff8b9fe"},
    {file = "grpcio-1.59.0-cp311-cp311-manylinux_2_17_i686.manylinux2014_i686.whl", hash = "sha256:c251d22de8f9f5cca9ee47e4bade7c5c853e6e40743f47f5cc02288ee7a87252"},
    {file = "grpcio-1.59.0-cp311-cp311-manylinux_2_17_x86_64.manylinux2014_x86_64.whl", hash = "sha256:956f0b7cb465a65de1bd90d5a7475b4dc55089b25042fe0f6c870707e9aabb1d"},
    {file = "grpcio-1.59.0-cp311-cp311-musllinux_1_1_i686.whl", hash = "sha256:38da5310ef84e16d638ad89550b5b9424df508fd5c7b968b90eb9629ca9be4b9"},
    {file = "grpcio-1.59.0-cp311-cp311-musllinux_1_1_x86_64.whl", hash = "sha256:63982150a7d598281fa1d7ffead6096e543ff8be189d3235dd2b5604f2c553e5"},
    {file = "grpcio-1.59.0-cp311-cp311-win32.whl", hash = "sha256:50eff97397e29eeee5df106ea1afce3ee134d567aa2c8e04fabab05c79d791a7"},
    {file = "grpcio-1.59.0-cp311-cp311-win_amd64.whl", hash = "sha256:15f03bd714f987d48ae57fe092cf81960ae36da4e520e729392a59a75cda4f29"},
    {file = "grpcio-1.59.0-cp312-cp312-linux_armv7l.whl", hash = "sha256:f1feb034321ae2f718172d86b8276c03599846dc7bb1792ae370af02718f91c5"},
    {file = "grpcio-1.59.0-cp312-cp312-macosx_10_10_universal2.whl", hash = "sha256:d09bd2a4e9f5a44d36bb8684f284835c14d30c22d8ec92ce796655af12163588"},
    {file = "grpcio-1.59.0-cp312-cp312-manylinux_2_17_aarch64.whl", hash = "sha256:2f120d27051e4c59db2f267b71b833796770d3ea36ca712befa8c5fff5da6ebd"},
    {file = "grpcio-1.59.0-cp312-cp312-manylinux_2_17_i686.manylinux2014_i686.whl", hash = "sha256:ba0ca727a173ee093f49ead932c051af463258b4b493b956a2c099696f38aa66"},
    {file = "grpcio-1.59.0-cp312-cp312-manylinux_2_17_x86_64.manylinux2014_x86_64.whl", hash = "sha256:5711c51e204dc52065f4a3327dca46e69636a0b76d3e98c2c28c4ccef9b04c52"},
    {file = "grpcio-1.59.0-cp312-cp312-musllinux_1_1_i686.whl", hash = "sha256:d74f7d2d7c242a6af9d4d069552ec3669965b74fed6b92946e0e13b4168374f9"},
    {file = "grpcio-1.59.0-cp312-cp312-musllinux_1_1_x86_64.whl", hash = "sha256:3859917de234a0a2a52132489c4425a73669de9c458b01c9a83687f1f31b5b10"},
    {file = "grpcio-1.59.0-cp312-cp312-win32.whl", hash = "sha256:de2599985b7c1b4ce7526e15c969d66b93687571aa008ca749d6235d056b7205"},
    {file = "grpcio-1.59.0-cp312-cp312-win_amd64.whl", hash = "sha256:598f3530231cf10ae03f4ab92d48c3be1fee0c52213a1d5958df1a90957e6a88"},
    {file = "grpcio-1.59.0-cp37-cp37m-linux_armv7l.whl", hash = "sha256:b34c7a4c31841a2ea27246a05eed8a80c319bfc0d3e644412ec9ce437105ff6c"},
    {file = "grpcio-1.59.0-cp37-cp37m-macosx_10_10_universal2.whl", hash = "sha256:c4dfdb49f4997dc664f30116af2d34751b91aa031f8c8ee251ce4dcfc11277b0"},
    {file = "grpcio-1.59.0-cp37-cp37m-manylinux_2_17_aarch64.whl", hash = "sha256:61bc72a00ecc2b79d9695220b4d02e8ba53b702b42411397e831c9b0589f08a3"},
    {file = "grpcio-1.59.0-cp37-cp37m-manylinux_2_17_i686.manylinux2014_i686.whl", hash = "sha256:f367e4b524cb319e50acbdea57bb63c3b717c5d561974ace0b065a648bb3bad3"},
    {file = "grpcio-1.59.0-cp37-cp37m-manylinux_2_17_x86_64.manylinux2014_x86_64.whl", hash = "sha256:849c47ef42424c86af069a9c5e691a765e304079755d5c29eff511263fad9c2a"},
    {file = "grpcio-1.59.0-cp37-cp37m-musllinux_1_1_i686.whl", hash = "sha256:c0488c2b0528e6072010182075615620071371701733c63ab5be49140ed8f7f0"},
    {file = "grpcio-1.59.0-cp37-cp37m-musllinux_1_1_x86_64.whl", hash = "sha256:611d9aa0017fa386809bddcb76653a5ab18c264faf4d9ff35cb904d44745f575"},
    {file = "grpcio-1.59.0-cp37-cp37m-win_amd64.whl", hash = "sha256:e5378785dce2b91eb2e5b857ec7602305a3b5cf78311767146464bfa365fc897"},
    {file = "grpcio-1.59.0-cp38-cp38-linux_armv7l.whl", hash = "sha256:fe976910de34d21057bcb53b2c5e667843588b48bf11339da2a75f5c4c5b4055"},
    {file = "grpcio-1.59.0-cp38-cp38-macosx_10_10_universal2.whl", hash = "sha256:c041a91712bf23b2a910f61e16565a05869e505dc5a5c025d429ca6de5de842c"},
    {file = "grpcio-1.59.0-cp38-cp38-manylinux_2_17_aarch64.whl", hash = "sha256:0ae444221b2c16d8211b55326f8ba173ba8f8c76349bfc1768198ba592b58f74"},
    {file = "grpcio-1.59.0-cp38-cp38-manylinux_2_17_i686.manylinux2014_i686.whl", hash = "sha256:ceb1e68135788c3fce2211de86a7597591f0b9a0d2bb80e8401fd1d915991bac"},
    {file = "grpcio-1.59.0-cp38-cp38-manylinux_2_17_x86_64.manylinux2014_x86_64.whl", hash = "sha256:6c4b1cc3a9dc1924d2eb26eec8792fedd4b3fcd10111e26c1d551f2e4eda79ce"},
    {file = "grpcio-1.59.0-cp38-cp38-musllinux_1_1_i686.whl", hash = "sha256:871371ce0c0055d3db2a86fdebd1e1d647cf21a8912acc30052660297a5a6901"},
    {file = "grpcio-1.59.0-cp38-cp38-musllinux_1_1_x86_64.whl", hash = "sha256:93e9cb546e610829e462147ce724a9cb108e61647a3454500438a6deef610be1"},
    {file = "grpcio-1.59.0-cp38-cp38-win32.whl", hash = "sha256:f21917aa50b40842b51aff2de6ebf9e2f6af3fe0971c31960ad6a3a2b24988f4"},
    {file = "grpcio-1.59.0-cp38-cp38-win_amd64.whl", hash = "sha256:14890da86a0c0e9dc1ea8e90101d7a3e0e7b1e71f4487fab36e2bfd2ecadd13c"},
    {file = "grpcio-1.59.0-cp39-cp39-linux_armv7l.whl", hash = "sha256:34341d9e81a4b669a5f5dca3b2a760b6798e95cdda2b173e65d29d0b16692857"},
    {file = "grpcio-1.59.0-cp39-cp39-macosx_10_10_universal2.whl", hash = "sha256:986de4aa75646e963466b386a8c5055c8b23a26a36a6c99052385d6fe8aaf180"},
    {file = "grpcio-1.59.0-cp39-cp39-manylinux_2_17_aarch64.whl", hash = "sha256:aca8a24fef80bef73f83eb8153f5f5a0134d9539b4c436a716256b311dda90a6"},
    {file = "grpcio-1.59.0-cp39-cp39-manylinux_2_17_i686.manylinux2014_i686.whl", hash = "sha256:936b2e04663660c600d5173bc2cc84e15adbad9c8f71946eb833b0afc205b996"},
    {file = "grpcio-1.59.0-cp39-cp39-manylinux_2_17_x86_64.manylinux2014_x86_64.whl", hash = "sha256:fc8bf2e7bc725e76c0c11e474634a08c8f24bcf7426c0c6d60c8f9c6e70e4d4a"},
    {file = "grpcio-1.59.0-cp39-cp39-musllinux_1_1_i686.whl", hash = "sha256:81d86a096ccd24a57fa5772a544c9e566218bc4de49e8c909882dae9d73392df"},
    {file = "grpcio-1.59.0-cp39-cp39-musllinux_1_1_x86_64.whl", hash = "sha256:2ea95cd6abbe20138b8df965b4a8674ec312aaef3147c0f46a0bac661f09e8d0"},
    {file = "grpcio-1.59.0-cp39-cp39-win32.whl", hash = "sha256:3b8ff795d35a93d1df6531f31c1502673d1cebeeba93d0f9bd74617381507e3f"},
    {file = "grpcio-1.59.0-cp39-cp39-win_amd64.whl", hash = "sha256:38823bd088c69f59966f594d087d3a929d1ef310506bee9e3648317660d65b81"},
    {file = "grpcio-1.59.0.tar.gz", hash = "sha256:acf70a63cf09dd494000007b798aff88a436e1c03b394995ce450be437b8e54f"},
]

[package.extras]
protobuf = ["grpcio-tools (>=1.59.0)"]

[[package]]
name = "grpcio-tools"
version = "1.59.0"
description = "Protobuf code generator for gRPC"
optional = false
python-versions = ">=3.7"
files = [
    {file = "grpcio-tools-1.59.0.tar.gz", hash = "sha256:aa4018f2d8662ac4d9830445d3d253a11b3e096e8afe20865547137aa1160e93"},
    {file = "grpcio_tools-1.59.0-cp310-cp310-linux_armv7l.whl", hash = "sha256:882b809b42b5464bee55288f4e60837297f9618e53e69ae3eea6d61b05ce48fa"},
    {file = "grpcio_tools-1.59.0-cp310-cp310-macosx_12_0_universal2.whl", hash = "sha256:4499d4bc5aa9c7b645018d8b0db4bebd663d427aabcd7bee7777046cb1bcbca7"},
    {file = "grpcio_tools-1.59.0-cp310-cp310-manylinux_2_17_aarch64.whl", hash = "sha256:f381ae3ad6a5eb27aad8d810438937d8228977067c54e0bd456fce7e11fdbf3d"},
    {file = "grpcio_tools-1.59.0-cp310-cp310-manylinux_2_17_i686.manylinux2014_i686.whl", hash = "sha256:f1c684c0d9226d04cadafced620a46ab38c346d0780eaac7448da96bf12066a3"},
    {file = "grpcio_tools-1.59.0-cp310-cp310-manylinux_2_17_x86_64.manylinux2014_x86_64.whl", hash = "sha256:40cbf712769242c2ba237745285ef789114d7fcfe8865fc4817d87f20015e99a"},
    {file = "grpcio_tools-1.59.0-cp310-cp310-musllinux_1_1_i686.whl", hash = "sha256:1df755951f204e65bf9232a9cac5afe7d6b8e4c87ac084d3ecd738fdc7aa4174"},
    {file = "grpcio_tools-1.59.0-cp310-cp310-musllinux_1_1_x86_64.whl", hash = "sha256:de156c18b0c638aaee3be6ad650c8ba7dec94ed4bac26403aec3dce95ffe9407"},
    {file = "grpcio_tools-1.59.0-cp310-cp310-win32.whl", hash = "sha256:9af7e138baa9b2895cf1f3eb718ac96fc5ae2f8e31fca405e21e0e5cd1643c52"},
    {file = "grpcio_tools-1.59.0-cp310-cp310-win_amd64.whl", hash = "sha256:f14a6e4f700dfd30ff8f0e6695f944affc16ae5a1e738666b3fae4e44b65637e"},
    {file = "grpcio_tools-1.59.0-cp311-cp311-linux_armv7l.whl", hash = "sha256:db030140d0da2368319e2f23655df3baec278c7e0078ecbe051eaf609a69382c"},
    {file = "grpcio_tools-1.59.0-cp311-cp311-macosx_10_10_universal2.whl", hash = "sha256:eeed386971bb8afc3ec45593df6a1154d680d87be1209ef8e782e44f85f47e64"},
    {file = "grpcio_tools-1.59.0-cp311-cp311-manylinux_2_17_aarch64.whl", hash = "sha256:962d1a3067129152cee3e172213486cb218a6bad703836991f46f216caefcf00"},
    {file = "grpcio_tools-1.59.0-cp311-cp311-manylinux_2_17_i686.manylinux2014_i686.whl", hash = "sha256:26eb2eebf150a33ebf088e67c1acf37eb2ac4133d9bfccbaa011ad2148c08b42"},
    {file = "grpcio_tools-1.59.0-cp311-cp311-manylinux_2_17_x86_64.manylinux2014_x86_64.whl", hash = "sha256:5b2d6da553980c590487f2e7fd3ec9c1ad8805ff2ec77977b92faa7e3ca14e1f"},
    {file = "grpcio_tools-1.59.0-cp311-cp311-musllinux_1_1_i686.whl", hash = "sha256:335e2f355a0c544a88854e2c053aff8a3f398b84a263a96fa19d063ca1fe513a"},
    {file = "grpcio_tools-1.59.0-cp311-cp311-musllinux_1_1_x86_64.whl", hash = "sha256:204e08f807b1d83f5f0efea30c4e680afe26a43dec8ba614a45fa698a7ef0a19"},
    {file = "grpcio_tools-1.59.0-cp311-cp311-win32.whl", hash = "sha256:05bf7b3ed01c8a562bb7e840f864c58acedbd6924eb616367c0bd0a760bdf483"},
    {file = "grpcio_tools-1.59.0-cp311-cp311-win_amd64.whl", hash = "sha256:df85096fcac7cea8aa5bd84b7a39c4cdbf556b93669bb4772eb96aacd3222a4e"},
    {file = "grpcio_tools-1.59.0-cp312-cp312-linux_armv7l.whl", hash = "sha256:240a7a3c2c54f77f1f66085a635bca72003d02f56a670e7db19aec531eda8f78"},
    {file = "grpcio_tools-1.59.0-cp312-cp312-macosx_10_10_universal2.whl", hash = "sha256:6119f62c462d119c63227b9534210f0f13506a888151b9bf586f71e7edf5088b"},
    {file = "grpcio_tools-1.59.0-cp312-cp312-manylinux_2_17_aarch64.whl", hash = "sha256:387662bee8e4c0b52cc0f61eaaca0ca583f5b227103f685b76083a3590a71a3e"},
    {file = "grpcio_tools-1.59.0-cp312-cp312-manylinux_2_17_i686.manylinux2014_i686.whl", hash = "sha256:8f0da5861ee276ca68493b217daef358960e8527cc63c7cb292ca1c9c54939af"},
    {file = "grpcio_tools-1.59.0-cp312-cp312-manylinux_2_17_x86_64.manylinux2014_x86_64.whl", hash = "sha256:d0f0806de1161c7f248e4c183633ee7a58dfe45c2b77ddf0136e2e7ad0650b1b"},
    {file = "grpcio_tools-1.59.0-cp312-cp312-musllinux_1_1_i686.whl", hash = "sha256:c683be38a9bf4024c223929b4cd2f0a0858c94e9dc8b36d7eaa5a48ce9323a6f"},
    {file = "grpcio_tools-1.59.0-cp312-cp312-musllinux_1_1_x86_64.whl", hash = "sha256:f965707da2b48a33128615bcfebedd215a3a30e346447e885bb3da37a143177a"},
    {file = "grpcio_tools-1.59.0-cp312-cp312-win32.whl", hash = "sha256:2ee960904dde12a7fa48e1591a5b3eeae054bdce57bacf9fd26685a98138f5bf"},
    {file = "grpcio_tools-1.59.0-cp312-cp312-win_amd64.whl", hash = "sha256:71cc6db1d66da3bc3730d9937bddc320f7b1f1dfdff6342bcb5741515fe4110b"},
    {file = "grpcio_tools-1.59.0-cp37-cp37m-linux_armv7l.whl", hash = "sha256:f6263b85261b62471cb97b7505df72d72b8b62e5e22d8184924871a6155b4dbf"},
    {file = "grpcio_tools-1.59.0-cp37-cp37m-macosx_10_10_universal2.whl", hash = "sha256:b8e95d921cc2a1521d4750eedefec9f16031457920a6677edebe9d1b2ad6ae60"},
    {file = "grpcio_tools-1.59.0-cp37-cp37m-manylinux_2_17_aarch64.whl", hash = "sha256:cb63055739808144b541986291679d643bae58755d0eb082157c4d4c04443905"},
    {file = "grpcio_tools-1.59.0-cp37-cp37m-manylinux_2_17_i686.manylinux2014_i686.whl", hash = "sha256:8c4634b3589efa156a8d5860c0a2547315bd5c9e52d14c960d716fe86e0927be"},
    {file = "grpcio_tools-1.59.0-cp37-cp37m-manylinux_2_17_x86_64.manylinux2014_x86_64.whl", hash = "sha256:2d970aa26854f535ffb94ea098aa8b43de020d9a14682e4a15dcdaeac7801b27"},
    {file = "grpcio_tools-1.59.0-cp37-cp37m-musllinux_1_1_i686.whl", hash = "sha256:821dba464d84ebbcffd9d420302404db2fa7a40c7ff4c4c4c93726f72bfa2769"},
    {file = "grpcio_tools-1.59.0-cp37-cp37m-musllinux_1_1_x86_64.whl", hash = "sha256:0548e901894399886ff4a4cd808cb850b60c021feb4a8977a0751f14dd7e55d9"},
    {file = "grpcio_tools-1.59.0-cp37-cp37m-win_amd64.whl", hash = "sha256:bb87158dbbb9e5a79effe78d54837599caa16df52d8d35366e06a91723b587ae"},
    {file = "grpcio_tools-1.59.0-cp38-cp38-linux_armv7l.whl", hash = "sha256:1d551ff42962c7c333c3da5c70d5e617a87dee581fa2e2c5ae2d5137c8886779"},
    {file = "grpcio_tools-1.59.0-cp38-cp38-macosx_10_10_universal2.whl", hash = "sha256:4ee443abcd241a5befb05629013fbf2eac637faa94aaa3056351aded8a31c1bc"},
    {file = "grpcio_tools-1.59.0-cp38-cp38-manylinux_2_17_aarch64.whl", hash = "sha256:520c0c83ea79d14b0679ba43e19c64ca31d30926b26ad2ca7db37cbd89c167e2"},
    {file = "grpcio_tools-1.59.0-cp38-cp38-manylinux_2_17_i686.manylinux2014_i686.whl", hash = "sha256:9fc02a6e517c34dcf885ff3b57260b646551083903e3d2c780b4971ce7d4ab7c"},
    {file = "grpcio_tools-1.59.0-cp38-cp38-manylinux_2_17_x86_64.manylinux2014_x86_64.whl", hash = "sha256:6aec8a4ed3808b7dfc1276fe51e3e24bec0eeaf610d395bcd42934647cf902a3"},
    {file = "grpcio_tools-1.59.0-cp38-cp38-musllinux_1_1_i686.whl", hash = "sha256:99b3bde646720bbfb77f263f5ba3e1a0de50632d43c38d405a0ef9c7e94373cd"},
    {file = "grpcio_tools-1.59.0-cp38-cp38-musllinux_1_1_x86_64.whl", hash = "sha256:51d9595629998d8b519126c5a610f15deb0327cd6325ed10796b47d1d292e70b"},
    {file = "grpcio_tools-1.59.0-cp38-cp38-win32.whl", hash = "sha256:bfa4b2b7d21c5634b62e5f03462243bd705adc1a21806b5356b8ce06d902e160"},
    {file = "grpcio_tools-1.59.0-cp38-cp38-win_amd64.whl", hash = "sha256:9ed05197c5ab071e91bcef28901e97ca168c4ae94510cb67a14cb4931b94255a"},
    {file = "grpcio_tools-1.59.0-cp39-cp39-linux_armv7l.whl", hash = "sha256:498e7be0b14385980efa681444ba481349c131fc5ec88003819f5d929646947c"},
    {file = "grpcio_tools-1.59.0-cp39-cp39-macosx_10_10_universal2.whl", hash = "sha256:b519f2ecde9a579cad2f4a7057d5bb4e040ad17caab8b5e691ed7a13b9db0be9"},
    {file = "grpcio_tools-1.59.0-cp39-cp39-manylinux_2_17_aarch64.whl", hash = "sha256:ef3e8aca2261f7f07436d4e2111556c1fb9bf1f9cfcdf35262743ccdee1b6ce9"},
    {file = "grpcio_tools-1.59.0-cp39-cp39-manylinux_2_17_i686.manylinux2014_i686.whl", hash = "sha256:27a7f226b741b2ebf7e2d0779d2c9b17f446d1b839d59886c1619e62cc2ae472"},
    {file = "grpcio_tools-1.59.0-cp39-cp39-manylinux_2_17_x86_64.manylinux2014_x86_64.whl", hash = "sha256:784aa52965916fec5afa1a28eeee6f0073bb43a2a1d7fedf963393898843077a"},
    {file = "grpcio_tools-1.59.0-cp39-cp39-musllinux_1_1_i686.whl", hash = "sha256:e312ddc2d8bec1a23306a661ad52734f984c9aad5d8f126ebb222a778d95407d"},
    {file = "grpcio_tools-1.59.0-cp39-cp39-musllinux_1_1_x86_64.whl", hash = "sha256:868892ad9e00651a38dace3e4924bae82fc4fd4df2c65d37b74381570ee8deb1"},
    {file = "grpcio_tools-1.59.0-cp39-cp39-win32.whl", hash = "sha256:a4f6cae381f21fee1ef0a5cbbbb146680164311157ae618edf3061742d844383"},
    {file = "grpcio_tools-1.59.0-cp39-cp39-win_amd64.whl", hash = "sha256:4a10e59cca462208b489478340b52a96d64e8b8b6f1ac097f3e8cb211d3f66c0"},
]

[package.dependencies]
grpcio = ">=1.59.0"
protobuf = ">=4.21.6,<5.0dev"
setuptools = "*"

[[package]]
name = "ipython"
version = "8.16.1"
description = "IPython: Productive Interactive Computing"
optional = false
python-versions = ">=3.9"
files = [
    {file = "ipython-8.16.1-py3-none-any.whl", hash = "sha256:0852469d4d579d9cd613c220af7bf0c9cc251813e12be647cb9d463939db9b1e"},
    {file = "ipython-8.16.1.tar.gz", hash = "sha256:ad52f58fca8f9f848e256c629eff888efc0528c12fe0f8ec14f33205f23ef938"},
]

[package.dependencies]
appnope = {version = "*", markers = "sys_platform == \"darwin\""}
backcall = "*"
colorama = {version = "*", markers = "sys_platform == \"win32\""}
decorator = "*"
jedi = ">=0.16"
matplotlib-inline = "*"
pexpect = {version = ">4.3", markers = "sys_platform != \"win32\""}
pickleshare = "*"
prompt-toolkit = ">=3.0.30,<3.0.37 || >3.0.37,<3.1.0"
pygments = ">=2.4.0"
stack-data = "*"
traitlets = ">=5"

[package.extras]
all = ["black", "curio", "docrepr", "exceptiongroup", "ipykernel", "ipyparallel", "ipywidgets", "matplotlib", "matplotlib (!=3.2.0)", "nbconvert", "nbformat", "notebook", "numpy (>=1.21)", "pandas", "pytest (<7)", "pytest (<7.1)", "pytest-asyncio", "qtconsole", "setuptools (>=18.5)", "sphinx (>=1.3)", "sphinx-rtd-theme", "stack-data", "testpath", "trio", "typing-extensions"]
black = ["black"]
doc = ["docrepr", "exceptiongroup", "ipykernel", "matplotlib", "pytest (<7)", "pytest (<7.1)", "pytest-asyncio", "setuptools (>=18.5)", "sphinx (>=1.3)", "sphinx-rtd-theme", "stack-data", "testpath", "typing-extensions"]
kernel = ["ipykernel"]
nbconvert = ["nbconvert"]
nbformat = ["nbformat"]
notebook = ["ipywidgets", "notebook"]
parallel = ["ipyparallel"]
qtconsole = ["qtconsole"]
test = ["pytest (<7.1)", "pytest-asyncio", "testpath"]
test-extra = ["curio", "matplotlib (!=3.2.0)", "nbformat", "numpy (>=1.21)", "pandas", "pytest (<7.1)", "pytest-asyncio", "testpath", "trio"]

[[package]]
name = "jedi"
version = "0.19.1"
description = "An autocompletion tool for Python that can be used for text editors."
optional = false
python-versions = ">=3.6"
files = [
    {file = "jedi-0.19.1-py2.py3-none-any.whl", hash = "sha256:e983c654fe5c02867aef4cdfce5a2fbb4a50adc0af145f70504238f18ef5e7e0"},
    {file = "jedi-0.19.1.tar.gz", hash = "sha256:cf0496f3651bc65d7174ac1b7d043eff454892c708a87d1b683e57b569927ffd"},
]

[package.dependencies]
parso = ">=0.8.3,<0.9.0"

[package.extras]
docs = ["Jinja2 (==2.11.3)", "MarkupSafe (==1.1.1)", "Pygments (==2.8.1)", "alabaster (==0.7.12)", "babel (==2.9.1)", "chardet (==4.0.0)", "commonmark (==0.8.1)", "docutils (==0.17.1)", "future (==0.18.2)", "idna (==2.10)", "imagesize (==1.2.0)", "mock (==1.0.1)", "packaging (==20.9)", "pyparsing (==2.4.7)", "pytz (==2021.1)", "readthedocs-sphinx-ext (==2.1.4)", "recommonmark (==0.5.0)", "requests (==2.25.1)", "six (==1.15.0)", "snowballstemmer (==2.1.0)", "sphinx (==1.8.5)", "sphinx-rtd-theme (==0.4.3)", "sphinxcontrib-serializinghtml (==1.1.4)", "sphinxcontrib-websupport (==1.2.4)", "urllib3 (==1.26.4)"]
qa = ["flake8 (==5.0.4)", "mypy (==0.971)", "types-setuptools (==67.2.0.1)"]
testing = ["Django", "attrs", "colorama", "docopt", "pytest (<7.0.0)"]

[[package]]
name = "matplotlib-inline"
version = "0.1.6"
description = "Inline Matplotlib backend for Jupyter"
optional = false
python-versions = ">=3.5"
files = [
    {file = "matplotlib-inline-0.1.6.tar.gz", hash = "sha256:f887e5f10ba98e8d2b150ddcf4702c1e5f8b3a20005eb0f74bfdbd360ee6f304"},
    {file = "matplotlib_inline-0.1.6-py3-none-any.whl", hash = "sha256:f1f41aab5328aa5aaea9b16d083b128102f8712542f819fe7e6a420ff581b311"},
]

[package.dependencies]
traitlets = "*"

[[package]]
name = "parso"
version = "0.8.3"
description = "A Python Parser"
optional = false
python-versions = ">=3.6"
files = [
    {file = "parso-0.8.3-py2.py3-none-any.whl", hash = "sha256:c001d4636cd3aecdaf33cbb40aebb59b094be2a74c556778ef5576c175e19e75"},
    {file = "parso-0.8.3.tar.gz", hash = "sha256:8c07be290bb59f03588915921e29e8a50002acaf2cdc5fa0e0114f91709fafa0"},
]

[package.extras]
qa = ["flake8 (==3.8.3)", "mypy (==0.782)"]
testing = ["docopt", "pytest (<6.0.0)"]

[[package]]
name = "pexpect"
version = "4.8.0"
description = "Pexpect allows easy control of interactive console applications."
optional = false
python-versions = "*"
files = [
    {file = "pexpect-4.8.0-py2.py3-none-any.whl", hash = "sha256:0b48a55dcb3c05f3329815901ea4fc1537514d6ba867a152b581d69ae3710937"},
    {file = "pexpect-4.8.0.tar.gz", hash = "sha256:fc65a43959d153d0114afe13997d439c22823a27cefceb5ff35c2178c6784c0c"},
]

[package.dependencies]
ptyprocess = ">=0.5"

[[package]]
name = "pickleshare"
version = "0.7.5"
description = "Tiny 'shelve'-like database with concurrency support"
optional = false
python-versions = "*"
files = [
    {file = "pickleshare-0.7.5-py2.py3-none-any.whl", hash = "sha256:9649af414d74d4df115d5d718f82acb59c9d418196b7b4290ed47a12ce62df56"},
    {file = "pickleshare-0.7.5.tar.gz", hash = "sha256:87683d47965c1da65cdacaf31c8441d12b8044cdec9aca500cd78fc2c683afca"},
]

[[package]]
name = "prompt-toolkit"
version = "3.0.39"
description = "Library for building powerful interactive command lines in Python"
optional = false
python-versions = ">=3.7.0"
files = [
    {file = "prompt_toolkit-3.0.39-py3-none-any.whl", hash = "sha256:9dffbe1d8acf91e3de75f3b544e4842382fc06c6babe903ac9acb74dc6e08d88"},
    {file = "prompt_toolkit-3.0.39.tar.gz", hash = "sha256:04505ade687dc26dc4284b1ad19a83be2f2afe83e7a828ace0c72f3a1df72aac"},
]

[package.dependencies]
wcwidth = "*"

[[package]]
name = "protobuf"
version = "4.24.4"
description = ""
optional = false
python-versions = ">=3.7"
files = [
    {file = "protobuf-4.24.4-cp310-abi3-win32.whl", hash = "sha256:ec9912d5cb6714a5710e28e592ee1093d68c5ebfeda61983b3f40331da0b1ebb"},
    {file = "protobuf-4.24.4-cp310-abi3-win_amd64.whl", hash = "sha256:1badab72aa8a3a2b812eacfede5020472e16c6b2212d737cefd685884c191085"},
    {file = "protobuf-4.24.4-cp37-abi3-macosx_10_9_universal2.whl", hash = "sha256:8e61a27f362369c2f33248a0ff6896c20dcd47b5d48239cb9720134bef6082e4"},
    {file = "protobuf-4.24.4-cp37-abi3-manylinux2014_aarch64.whl", hash = "sha256:bffa46ad9612e6779d0e51ae586fde768339b791a50610d85eb162daeb23661e"},
    {file = "protobuf-4.24.4-cp37-abi3-manylinux2014_x86_64.whl", hash = "sha256:b493cb590960ff863743b9ff1452c413c2ee12b782f48beca77c8da3e2ffe9d9"},
    {file = "protobuf-4.24.4-cp37-cp37m-win32.whl", hash = "sha256:dbbed8a56e56cee8d9d522ce844a1379a72a70f453bde6243e3c86c30c2a3d46"},
    {file = "protobuf-4.24.4-cp37-cp37m-win_amd64.whl", hash = "sha256:6b7d2e1c753715dcfe9d284a25a52d67818dd43c4932574307daf836f0071e37"},
    {file = "protobuf-4.24.4-cp38-cp38-win32.whl", hash = "sha256:02212557a76cd99574775a81fefeba8738d0f668d6abd0c6b1d3adcc75503dbe"},
    {file = "protobuf-4.24.4-cp38-cp38-win_amd64.whl", hash = "sha256:2fa3886dfaae6b4c5ed2730d3bf47c7a38a72b3a1f0acb4d4caf68e6874b947b"},
    {file = "protobuf-4.24.4-cp39-cp39-win32.whl", hash = "sha256:b77272f3e28bb416e2071186cb39efd4abbf696d682cbb5dc731308ad37fa6dd"},
    {file = "protobuf-4.24.4-cp39-cp39-win_amd64.whl", hash = "sha256:9fee5e8aa20ef1b84123bb9232b3f4a5114d9897ed89b4b8142d81924e05d79b"},
    {file = "protobuf-4.24.4-py3-none-any.whl", hash = "sha256:80797ce7424f8c8d2f2547e2d42bfbb6c08230ce5832d6c099a37335c9c90a92"},
    {file = "protobuf-4.24.4.tar.gz", hash = "sha256:5a70731910cd9104762161719c3d883c960151eea077134458503723b60e3667"},
]

[[package]]
name = "ptyprocess"
version = "0.7.0"
description = "Run a subprocess in a pseudo terminal"
optional = false
python-versions = "*"
files = [
    {file = "ptyprocess-0.7.0-py2.py3-none-any.whl", hash = "sha256:4b41f3967fce3af57cc7e94b888626c18bf37a083e3651ca8feeb66d492fef35"},
    {file = "ptyprocess-0.7.0.tar.gz", hash = "sha256:5c5d0a3b48ceee0b48485e0c26037c0acd7d29765ca3fbb5cb3831d347423220"},
]

[[package]]
name = "pure-eval"
version = "0.2.2"
description = "Safely evaluate AST nodes without side effects"
optional = false
python-versions = "*"
files = [
    {file = "pure_eval-0.2.2-py3-none-any.whl", hash = "sha256:01eaab343580944bc56080ebe0a674b39ec44a945e6d09ba7db3cb8cec289350"},
    {file = "pure_eval-0.2.2.tar.gz", hash = "sha256:2b45320af6dfaa1750f543d714b6d1c520a1688dec6fd24d339063ce0aaa9ac3"},
]

[package.extras]
tests = ["pytest"]

[[package]]
name = "pygments"
version = "2.16.1"
description = "Pygments is a syntax highlighting package written in Python."
optional = false
python-versions = ">=3.7"
files = [
    {file = "Pygments-2.16.1-py3-none-any.whl", hash = "sha256:13fc09fa63bc8d8671a6d247e1eb303c4b343eaee81d861f3404db2935653692"},
    {file = "Pygments-2.16.1.tar.gz", hash = "sha256:1daff0494820c69bc8941e407aa20f577374ee88364ee10a98fdbe0aece96e29"},
]

[package.extras]
plugins = ["importlib-metadata"]

[[package]]
name = "setuptools"
version = "68.2.2"
description = "Easily download, build, install, upgrade, and uninstall Python packages"
optional = false
python-versions = ">=3.8"
files = [
    {file = "setuptools-68.2.2-py3-none-any.whl", hash = "sha256:b454a35605876da60632df1a60f736524eb73cc47bbc9f3f1ef1b644de74fd2a"},
    {file = "setuptools-68.2.2.tar.gz", hash = "sha256:4ac1475276d2f1c48684874089fefcd83bd7162ddaafb81fac866ba0db282a87"},
]

[package.extras]
docs = ["furo", "jaraco.packaging (>=9.3)", "jaraco.tidelift (>=1.4)", "pygments-github-lexers (==0.0.5)", "rst.linker (>=1.9)", "sphinx (>=3.5)", "sphinx-favicon", "sphinx-hoverxref (<2)", "sphinx-inline-tabs", "sphinx-lint", "sphinx-notfound-page (>=1,<2)", "sphinx-reredirects", "sphinxcontrib-towncrier"]
testing = ["build[virtualenv]", "filelock (>=3.4.0)", "flake8-2020", "ini2toml[lite] (>=0.9)", "jaraco.develop (>=7.21)", "jaraco.envs (>=2.2)", "jaraco.path (>=3.2.0)", "pip (>=19.1)", "pytest (>=6)", "pytest-black (>=0.3.7)", "pytest-checkdocs (>=2.4)", "pytest-cov", "pytest-enabler (>=2.2)", "pytest-mypy (>=0.9.1)", "pytest-perf", "pytest-ruff", "pytest-timeout", "pytest-xdist", "tomli-w (>=1.0.0)", "virtualenv (>=13.0.0)", "wheel"]
testing-integration = ["build[virtualenv] (>=1.0.3)", "filelock (>=3.4.0)", "jaraco.envs (>=2.2)", "jaraco.path (>=3.2.0)", "packaging (>=23.1)", "pytest", "pytest-enabler", "pytest-xdist", "tomli", "virtualenv (>=13.0.0)", "wheel"]

[[package]]
name = "six"
version = "1.16.0"
description = "Python 2 and 3 compatibility utilities"
optional = false
python-versions = ">=2.7, !=3.0.*, !=3.1.*, !=3.2.*"
files = [
    {file = "six-1.16.0-py2.py3-none-any.whl", hash = "sha256:8abb2f1d86890a2dfb989f9a77cfcfd3e47c2a354b01111771326f8aa26e0254"},
    {file = "six-1.16.0.tar.gz", hash = "sha256:1e61c37477a1626458e36f7b1d82aa5c9b094fa4802892072e49de9c60c4c926"},
]

[[package]]
name = "stack-data"
version = "0.6.3"
description = "Extract data from python stack frames and tracebacks for informative displays"
optional = false
python-versions = "*"
files = [
    {file = "stack_data-0.6.3-py3-none-any.whl", hash = "sha256:d5558e0c25a4cb0853cddad3d77da9891a08cb85dd9f9f91b9f8cd66e511e695"},
    {file = "stack_data-0.6.3.tar.gz", hash = "sha256:836a778de4fec4dcd1dcd89ed8abff8a221f58308462e1c4aa2a3cf30148f0b9"},
]

[package.dependencies]
asttokens = ">=2.1.0"
executing = ">=1.2.0"
pure-eval = "*"

[package.extras]
tests = ["cython", "littleutils", "pygments", "pytest", "typeguard"]

[[package]]
name = "traitlets"
version = "5.11.2"
description = "Traitlets Python configuration system"
optional = false
python-versions = ">=3.8"
files = [
    {file = "traitlets-5.11.2-py3-none-any.whl", hash = "sha256:98277f247f18b2c5cabaf4af369187754f4fb0e85911d473f72329db8a7f4fae"},
    {file = "traitlets-5.11.2.tar.gz", hash = "sha256:7564b5bf8d38c40fa45498072bf4dc5e8346eb087bbf1e2ae2d8774f6a0f078e"},
]

[package.extras]
docs = ["myst-parser", "pydata-sphinx-theme", "sphinx"]
test = ["argcomplete (>=3.0.3)", "mypy (>=1.5.1)", "pre-commit", "pytest (>=7.0,<7.5)", "pytest-mock", "pytest-mypy-testing"]

[[package]]
name = "wcwidth"
version = "0.2.8"
description = "Measures the displayed width of unicode strings in a terminal"
optional = false
python-versions = "*"
files = [
    {file = "wcwidth-0.2.8-py2.py3-none-any.whl", hash = "sha256:77f719e01648ed600dfa5402c347481c0992263b81a027344f3e1ba25493a704"},
    {file = "wcwidth-0.2.8.tar.gz", hash = "sha256:8705c569999ffbb4f6a87c6d1b80f324bd6db952f5eb0b95bc07517f4c1813d4"},
]

[metadata]
lock-version = "2.0"
python-versions = "^3.11"
content-hash = "f79c3ee5fa488dac034bd302f2e787cac904b70c62943c7f9b8877b05b67bedd"
